# This file is automatically @generated by Cargo.
# It is not intended for manual editing.
version = 4

[[package]]
name = "bxr-bench"
version = "0.1.0-dev"
dependencies = [
 "bxr-core",
 "bxr-memory",
]

[[package]]
name = "bxr-boot"
version = "0.1.0-dev"
dependencies = [
 "bxr-x86",
]

[[package]]
name = "bxr-core"
version = "0.1.0-dev"
dependencies = [
 "bxr-boot",
 "bxr-devices",
 "bxr-memory",
 "bxr-snapshot",
 "bxr-x86",
]

[[package]]
name = "bxr-devices"
version = "0.1.0-dev"

[[package]]
name = "bxr-memory"
version = "0.1.0-dev"

[[package]]
name = "bxr-snapshot"
version = "0.1.0-dev"

[[package]]
name = "bxr-wasm"
version = "0.1.0-dev"
dependencies = [
 "bxr-core",
 "bxr-memory",
 "bxr-x86",
]

[[package]]
name = "bxr-x86"
version = "0.1.0-dev"
